
Microsoft Visual Studio Solution File, Format Version 12.00
# Visual Studio Version 16
VisualStudioVersion = 16.0.31129.286
MinimumVisualStudioVersion = 10.0.40219.1
Project("{2150E333-8FDC-42A3-9474-1A3956D46DE8}") = "src", "src", "{21FB8E4B-D985-4805-AECB-2A729203E18F}"
EndProject
Project("{2150E333-8FDC-42A3-9474-1A3956D46DE8}") = "API", "API", "{7465D21D-48B5-45DC-8064-2ED5A80D4483}"
EndProject
Project("{2150E333-8FDC-42A3-9474-1A3956D46DE8}") = "Core", "Core", "{A31ED856-CC16-4EDA-A94F-4A57614F5484}"
EndProject
Project("{2150E333-8FDC-42A3-9474-1A3956D46DE8}") = "Infrastructure", "Infrastructure", "{84DE584B-13DE-41A1-97B0-29E5A7C710EE}"
EndProject
Project("{2150E333-8FDC-42A3-9474-1A3956D46DE8}") = "test", "test", "{7497E97D-DF4E-43BA-97B2-03936F3F96C4}"
EndProject
Project("{9A19103F-16F7-4668-BE54-9A1E7A4F7556}") = "Neosoft.FAMS.Api", "src\API\Neosoft.FAMS.Api\Neosoft.FAMS.Api.csproj", "{B954A81E-46E3-4721-9FCB-BEF0A79A745F}"
EndProject
Project("{9A19103F-16F7-4668-BE54-9A1E7A4F7556}") = "Neosoft.FAMS.Application", "src\Core\Neosoft.FAMS.Application\Neosoft.FAMS.Application.csproj", "{0021FDF5-EA4A-491D-9B6A-134C4F056538}"
EndProject
Project("{9A19103F-16F7-4668-BE54-9A1E7A4F7556}") = "Neosoft.FAMS.Domain", "src\Core\Neosoft.FAMS.Domain\Neosoft.FAMS.Domain.csproj", "{66811C62-665D-4F61-8E5B-91E7435B79A0}"
EndProject
Project("{9A19103F-16F7-4668-BE54-9A1E7A4F7556}") = "Neosoft.FAMS.Identity", "src\Infrastructure\Neosoft.FAMS.Identity\Neosoft.FAMS.Identity.csproj", "{E24BF146-26CC-4EC0-8B8D-E150DFD873E0}"
EndProject
Project("{9A19103F-16F7-4668-BE54-9A1E7A4F7556}") = "Neosoft.FAMS.Infrastructure", "src\Infrastructure\Neosoft.FAMS.Infrastructure\Neosoft.FAMS.Infrastructure.csproj", "{1D24F2FF-57DB-4326-BD93-060323725AC9}"
EndProject
Project("{9A19103F-16F7-4668-BE54-9A1E7A4F7556}") = "Neosoft.FAMS.Persistence", "src\Infrastructure\Neosoft.FAMS.Persistence\Neosoft.FAMS.Persistence.csproj", "{318585B2-C5DE-4FFC-8BEC-D22FB060EA13}"
EndProject
Project("{9A19103F-16F7-4668-BE54-9A1E7A4F7556}") = "Neosoft.FAMS.API.IntegrationTests", "test\Neosoft.FAMS.API.IntegrationTests\Neosoft.FAMS.API.IntegrationTests.csproj", "{A474F5A2-BBD7-4D0F-BC2D-96F09CE2C0AE}"
EndProject
Project("{9A19103F-16F7-4668-BE54-9A1E7A4F7556}") = "Neosoft.FAMS.Application.UnitTests", "test\Neosoft.FAMS.Application.UnitTests\Neosoft.FAMS.Application.UnitTests.csproj", "{DEBAEBDB-758D-40CB-800E-6FBA9195830C}"
EndProject
Project("{9A19103F-16F7-4668-BE54-9A1E7A4F7556}") = "Neosoft.FAMS.Persistence.IntegrationTests", "test\Neosoft.FAMS.Persistence.IntegrationTests\Neosoft.FAMS.Persistence.IntegrationTests.csproj", "{97ADAADE-F578-4017-8835-9356624B4E8C}"
EndProject
Project("{2150E333-8FDC-42A3-9474-1A3956D46DE8}") = "WebApp", "WebApp", "{ABCBD37C-603F-4F82-851D-A2E4C698B0C8}"
EndProject
Project("{FAE04EC0-301F-11D3-BF4B-00C04F79EFBC}") = "Neosoft.FAMS.WebApp", "Neosoft.FAMS.WebApp\Neosoft.FAMS.WebApp.csproj", "{C10B253C-3B47-41E2-A917-FBFF2568B0AA}"
EndProject
Global
	GlobalSection(SolutionConfigurationPlatforms) = preSolution
		Debug|Any CPU = Debug|Any CPU
		Release|Any CPU = Release|Any CPU
	EndGlobalSection
	GlobalSection(ProjectConfigurationPlatforms) = postSolution
		{B954A81E-46E3-4721-9FCB-BEF0A79A745F}.Debug|Any CPU.ActiveCfg = Debug|Any CPU
		{B954A81E-46E3-4721-9FCB-BEF0A79A745F}.Debug|Any CPU.Build.0 = Debug|Any CPU
		{B954A81E-46E3-4721-9FCB-BEF0A79A745F}.Release|Any CPU.ActiveCfg = Release|Any CPU
		{B954A81E-46E3-4721-9FCB-BEF0A79A745F}.Release|Any CPU.Build.0 = Release|Any CPU
		{0021FDF5-EA4A-491D-9B6A-134C4F056538}.Debug|Any CPU.ActiveCfg = Debug|Any CPU
		{0021FDF5-EA4A-491D-9B6A-134C4F056538}.Debug|Any CPU.Build.0 = Debug|Any CPU
		{0021FDF5-EA4A-491D-9B6A-134C4F056538}.Release|Any CPU.ActiveCfg = Release|Any CPU
		{0021FDF5-EA4A-491D-9B6A-134C4F056538}.Release|Any CPU.Build.0 = Release|Any CPU
		{66811C62-665D-4F61-8E5B-91E7435B79A0}.Debug|Any CPU.ActiveCfg = Debug|Any CPU
		{66811C62-665D-4F61-8E5B-91E7435B79A0}.Debug|Any CPU.Build.0 = Debug|Any CPU
		{66811C62-665D-4F61-8E5B-91E7435B79A0}.Release|Any CPU.ActiveCfg = Release|Any CPU
		{66811C62-665D-4F61-8E5B-91E7435B79A0}.Release|Any CPU.Build.0 = Release|Any CPU
		{E24BF146-26CC-4EC0-8B8D-E150DFD873E0}.Debug|Any CPU.ActiveCfg = Debug|Any CPU
		{E24BF146-26CC-4EC0-8B8D-E150DFD873E0}.Debug|Any CPU.Build.0 = Debug|Any CPU
		{E24BF146-26CC-4EC0-8B8D-E150DFD873E0}.Release|Any CPU.ActiveCfg = Release|Any CPU
		{E24BF146-26CC-4EC0-8B8D-E150DFD873E0}.Release|Any CPU.Build.0 = Release|Any CPU
		{1D24F2FF-57DB-4326-BD93-060323725AC9}.Debug|Any CPU.ActiveCfg = Debug|Any CPU
		{1D24F2FF-57DB-4326-BD93-060323725AC9}.Debug|Any CPU.Build.0 = Debug|Any CPU
		{1D24F2FF-57DB-4326-BD93-060323725AC9}.Release|Any CPU.ActiveCfg = Release|Any CPU
		{1D24F2FF-57DB-4326-BD93-060323725AC9}.Release|Any CPU.Build.0 = Release|Any CPU
		{318585B2-C5DE-4FFC-8BEC-D22FB060EA13}.Debug|Any CPU.ActiveCfg = Debug|Any CPU
		{318585B2-C5DE-4FFC-8BEC-D22FB060EA13}.Debug|Any CPU.Build.0 = Debug|Any CPU
		{318585B2-C5DE-4FFC-8BEC-D22FB060EA13}.Release|Any CPU.ActiveCfg = Release|Any CPU
		{318585B2-C5DE-4FFC-8BEC-D22FB060EA13}.Release|Any CPU.Build.0 = Release|Any CPU
		{A474F5A2-BBD7-4D0F-BC2D-96F09CE2C0AE}.Debug|Any CPU.ActiveCfg = Debug|Any CPU
		{A474F5A2-BBD7-4D0F-BC2D-96F09CE2C0AE}.Debug|Any CPU.Build.0 = Debug|Any CPU
		{A474F5A2-BBD7-4D0F-BC2D-96F09CE2C0AE}.Release|Any CPU.ActiveCfg = Release|Any CPU
		{A474F5A2-BBD7-4D0F-BC2D-96F09CE2C0AE}.Release|Any CPU.Build.0 = Release|Any CPU
		{DEBAEBDB-758D-40CB-800E-6FBA9195830C}.Debug|Any CPU.ActiveCfg = Debug|Any CPU
		{DEBAEBDB-758D-40CB-800E-6FBA9195830C}.Debug|Any CPU.Build.0 = Debug|Any CPU
		{DEBAEBDB-758D-40CB-800E-6FBA9195830C}.Release|Any CPU.ActiveCfg = Release|Any CPU
		{DEBAEBDB-758D-40CB-800E-6FBA9195830C}.Release|Any CPU.Build.0 = Release|Any CPU
		{97ADAADE-F578-4017-8835-9356624B4E8C}.Debug|Any CPU.ActiveCfg = Debug|Any CPU
		{97ADAADE-F578-4017-8835-9356624B4E8C}.Debug|Any CPU.Build.0 = Debug|Any CPU
		{97ADAADE-F578-4017-8835-9356624B4E8C}.Release|Any CPU.ActiveCfg = Release|Any CPU
		{97ADAADE-F578-4017-8835-9356624B4E8C}.Release|Any CPU.Build.0 = Release|Any CPU
		{C10B253C-3B47-41E2-A917-FBFF2568B0AA}.Debug|Any CPU.ActiveCfg = Debug|Any CPU
		{C10B253C-3B47-41E2-A917-FBFF2568B0AA}.Debug|Any CPU.Build.0 = Debug|Any CPU
		{C10B253C-3B47-41E2-A917-FBFF2568B0AA}.Release|Any CPU.ActiveCfg = Release|Any CPU
		{C10B253C-3B47-41E2-A917-FBFF2568B0AA}.Release|Any CPU.Build.0 = Release|Any CPU
	EndGlobalSection
	GlobalSection(SolutionProperties) = preSolution
		HideSolutionNode = FALSE
	EndGlobalSection
	GlobalSection(NestedProjects) = preSolution
		{7465D21D-48B5-45DC-8064-2ED5A80D4483} = {21FB8E4B-D985-4805-AECB-2A729203E18F}
		{A31ED856-CC16-4EDA-A94F-4A57614F5484} = {21FB8E4B-D985-4805-AECB-2A729203E18F}
		{84DE584B-13DE-41A1-97B0-29E5A7C710EE} = {21FB8E4B-D985-4805-AECB-2A729203E18F}
		{B954A81E-46E3-4721-9FCB-BEF0A79A745F} = {7465D21D-48B5-45DC-8064-2ED5A80D4483}
		{0021FDF5-EA4A-491D-9B6A-134C4F056538} = {A31ED856-CC16-4EDA-A94F-4A57614F5484}
		{66811C62-665D-4F61-8E5B-91E7435B79A0} = {A31ED856-CC16-4EDA-A94F-4A57614F5484}
		{E24BF146-26CC-4EC0-8B8D-E150DFD873E0} = {84DE584B-13DE-41A1-97B0-29E5A7C710EE}
		{1D24F2FF-57DB-4326-BD93-060323725AC9} = {84DE584B-13DE-41A1-97B0-29E5A7C710EE}
		{318585B2-C5DE-4FFC-8BEC-D22FB060EA13} = {84DE584B-13DE-41A1-97B0-29E5A7C710EE}
		{A474F5A2-BBD7-4D0F-BC2D-96F09CE2C0AE} = {7497E97D-DF4E-43BA-97B2-03936F3F96C4}
		{DEBAEBDB-758D-40CB-800E-6FBA9195830C} = {7497E97D-DF4E-43BA-97B2-03936F3F96C4}
		{97ADAADE-F578-4017-8835-9356624B4E8C} = {7497E97D-DF4E-43BA-97B2-03936F3F96C4}
		{ABCBD37C-603F-4F82-851D-A2E4C698B0C8} = {21FB8E4B-D985-4805-AECB-2A729203E18F}
		{C10B253C-3B47-41E2-A917-FBFF2568B0AA} = {ABCBD37C-603F-4F82-851D-A2E4C698B0C8}
	EndGlobalSection
	GlobalSection(ExtensibilityGlobals) = postSolution
		SolutionGuid = {E9D7B4DF-A382-448A-BC1F-C0A5CEE65D84}
	EndGlobalSection
EndGlobal
